
Microsoft Visual Studio Solution File, Format Version 12.00
# Visual Studio Version 17
VisualStudioVersion = 17.1.32210.238
MinimumVisualStudioVersion = 10.0.40219.1
Project("{FAE04EC0-301F-11D3-BF4B-00C04F79EFBC}") = "CIAPP", "CIAPP\CIAPP.csproj", "{881F0E0A-CC2E-494B-9912-9FE70CE0739D}"
EndProject
Global
	GlobalSection(SolutionConfigurationPlatforms) = preSolution
		Debug|Any CPU = Debug|Any CPU
		Release|Any CPU = Release|Any CPU
	EndGlobalSection
	GlobalSection(ProjectConfigurationPlatforms) = postSolution
		{881F0E0A-CC2E-494B-9912-9FE70CE0739D}.Debug|Any CPU.ActiveCfg = Debug|Any CPU
		{881F0E0A-CC2E-494B-9912-9FE70CE0739D}.Debug|Any CPU.Build.0 = Debug|Any CPU
		{881F0E0A-CC2E-494B-9912-9FE70CE0739D}.Release|Any CPU.ActiveCfg = Release|Any CPU
		{881F0E0A-CC2E-494B-9912-9FE70CE0739D}.Release|Any CPU.Build.0 = Release|Any CPU
	EndGlobalSection
	GlobalSection(SolutionProperties) = preSolution
		HideSolutionNode = FALSE
	EndGlobalSection
	GlobalSection(ExtensibilityGlobals) = postSolution
		SolutionGuid = {0A0533B0-5F19-468E-8A2A-665F5379332F}
	EndGlobalSection
EndGlobal
